
Microsoft Visual Studio Solution File, Format Version 12.00
# Visual Studio Version 17
VisualStudioVersion = 17.8.34601.278
MinimumVisualStudioVersion = 10.0.40219.1
Project("{FAE04EC0-301F-11D3-BF4B-00C04F79EFBC}") = "GoogleCustomSearch", "GoogleCustomSearch.csproj", "{43E7C9E2-87FE-4424-BF4C-8F58D414F363}"
EndProject
Global
	GlobalSection(SolutionConfigurationPlatforms) = preSolution
		Debug|Any CPU = Debug|Any CPU
		Release|Any CPU = Release|Any CPU
	EndGlobalSection
	GlobalSection(ProjectConfigurationPlatforms) = postSolution
		{43E7C9E2-87FE-4424-BF4C-8F58D414F363}.Debug|Any CPU.ActiveCfg = Debug|Any CPU
		{43E7C9E2-87FE-4424-BF4C-8F58D414F363}.Debug|Any CPU.Build.0 = Debug|Any CPU
		{43E7C9E2-87FE-4424-BF4C-8F58D414F363}.Release|Any CPU.ActiveCfg = Release|Any CPU
		{43E7C9E2-87FE-4424-BF4C-8F58D414F363}.Release|Any CPU.Build.0 = Release|Any CPU
	EndGlobalSection
	GlobalSection(SolutionProperties) = preSolution
		HideSolutionNode = FALSE
	EndGlobalSection
	GlobalSection(ExtensibilityGlobals) = postSolution
		SolutionGuid = {5886479C-1032-4BA0-BC05-69EF0F3ADB56}
	EndGlobalSection
EndGlobal
